# This file is generated by running "yarn install" inside your project.
# Manual changes might be lost - proceed with caution!

__metadata:
  version: 8
  cacheKey: 10c0

"@esbuild/aix-ppc64@npm:0.24.2":
  version: 0.24.2
  resolution: "@esbuild/aix-ppc64@npm:0.24.2"
  conditions: os=aix & cpu=ppc64
  languageName: node
  linkType: hard

"@esbuild/android-arm64@npm:0.24.2":
  version: 0.24.2
  resolution: "@esbuild/android-arm64@npm:0.24.2"
  conditions: os=android & cpu=arm64
  languageName: node
  linkType: hard

"@esbuild/android-arm@npm:0.24.2":
  version: 0.24.2
  resolution: "@esbuild/android-arm@npm:0.24.2"
  conditions: os=android & cpu=arm
  languageName: node
  linkType: hard

"@esbuild/android-x64@npm:0.24.2":
  version: 0.24.2
  resolution: "@esbuild/android-x64@npm:0.24.2"
  conditions: os=android & cpu=x64
  languageName: node
  linkType: hard

"@esbuild/darwin-arm64@npm:0.24.2":
  version: 0.24.2
  resolution: "@esbuild/darwin-arm64@npm:0.24.2"
  conditions: os=darwin & cpu=arm64
  languageName: node
  linkType: hard

"@esbuild/darwin-x64@npm:0.24.2":
  version: 0.24.2
  resolution: "@esbuild/darwin-x64@npm:0.24.2"
  conditions: os=darwin & cpu=x64
  languageName: node
  linkType: hard

"@esbuild/freebsd-arm64@npm:0.24.2":
  version: 0.24.2
  resolution: "@esbuild/freebsd-arm64@npm:0.24.2"
  conditions: os=freebsd & cpu=arm64
  languageName: node
  linkType: hard

"@esbuild/freebsd-x64@npm:0.24.2":
  version: 0.24.2
  resolution: "@esbuild/freebsd-x64@npm:0.24.2"
  conditions: os=freebsd & cpu=x64
  languageName: node
  linkType: hard

"@esbuild/linux-arm64@npm:0.24.2":
  version: 0.24.2
  resolution: "@esbuild/linux-arm64@npm:0.24.2"
  conditions: os=linux & cpu=arm64
  languageName: node
  linkType: hard

"@esbuild/linux-arm@npm:0.24.2":
  version: 0.24.2
  resolution: "@esbuild/linux-arm@npm:0.24.2"
  conditions: os=linux & cpu=arm
  languageName: node
  linkType: hard

"@esbuild/linux-ia32@npm:0.24.2":
  version: 0.24.2
  resolution: "@esbuild/linux-ia32@npm:0.24.2"
  conditions: os=linux & cpu=ia32
  languageName: node
  linkType: hard

"@esbuild/linux-loong64@npm:0.24.2":
  version: 0.24.2
  resolution: "@esbuild/linux-loong64@npm:0.24.2"
  conditions: os=linux & cpu=loong64
  languageName: node
  linkType: hard

"@esbuild/linux-mips64el@npm:0.24.2":
  version: 0.24.2
  resolution: "@esbuild/linux-mips64el@npm:0.24.2"
  conditions: os=linux & cpu=mips64el
  languageName: node
  linkType: hard

"@esbuild/linux-ppc64@npm:0.24.2":
  version: 0.24.2
  resolution: "@esbuild/linux-ppc64@npm:0.24.2"
  conditions: os=linux & cpu=ppc64
  languageName: node
  linkType: hard

"@esbuild/linux-riscv64@npm:0.24.2":
  version: 0.24.2
  resolution: "@esbuild/linux-riscv64@npm:0.24.2"
  conditions: os=linux & cpu=riscv64
  languageName: node
  linkType: hard

"@esbuild/linux-s390x@npm:0.24.2":
  version: 0.24.2
  resolution: "@esbuild/linux-s390x@npm:0.24.2"
  conditions: os=linux & cpu=s390x
  languageName: node
  linkType: hard

"@esbuild/linux-x64@npm:0.24.2":
  version: 0.24.2
  resolution: "@esbuild/linux-x64@npm:0.24.2"
  conditions: os=linux & cpu=x64
  languageName: node
  linkType: hard

"@esbuild/netbsd-arm64@npm:0.24.2":
  version: 0.24.2
  resolution: "@esbuild/netbsd-arm64@npm:0.24.2"
  conditions: os=netbsd & cpu=arm64
  languageName: node
  linkType: hard

"@esbuild/netbsd-x64@npm:0.24.2":
  version: 0.24.2
  resolution: "@esbuild/netbsd-x64@npm:0.24.2"
  conditions: os=netbsd & cpu=x64
  languageName: node
  linkType: hard

"@esbuild/openbsd-arm64@npm:0.24.2":
  version: 0.24.2
  resolution: "@esbuild/openbsd-arm64@npm:0.24.2"
  conditions: os=openbsd & cpu=arm64
  languageName: node
  linkType: hard

"@esbuild/openbsd-x64@npm:0.24.2":
  version: 0.24.2
  resolution: "@esbuild/openbsd-x64@npm:0.24.2"
  conditions: os=openbsd & cpu=x64
  languageName: node
  linkType: hard

"@esbuild/sunos-x64@npm:0.24.2":
  version: 0.24.2
  resolution: "@esbuild/sunos-x64@npm:0.24.2"
  conditions: os=sunos & cpu=x64
  languageName: node
  linkType: hard

"@esbuild/win32-arm64@npm:0.24.2":
  version: 0.24.2
  resolution: "@esbuild/win32-arm64@npm:0.24.2"
  conditions: os=win32 & cpu=arm64
  languageName: node
  linkType: hard

"@esbuild/win32-ia32@npm:0.24.2":
  version: 0.24.2
  resolution: "@esbuild/win32-ia32@npm:0.24.2"
  conditions: os=win32 & cpu=ia32
  languageName: node
  linkType: hard

"@esbuild/win32-x64@npm:0.24.2":
  version: 0.24.2
  resolution: "@esbuild/win32-x64@npm:0.24.2"
  conditions: os=win32 & cpu=x64
  languageName: node
  linkType: hard

"@extism/js-pdk@npm:^1.1.1":
  version: 1.1.1
  resolution: "@extism/js-pdk@npm:1.1.1"
  dependencies:
    urlpattern-polyfill: "npm:^8.0.2"
  checksum: 10c0/371783d466a5cb5efc5f7ac12b8ea73498c7d7c601f62fbc7130765727cc2d3457a2937ec50dd3457c9a4d30a1a73380660fc39978dd09f73322aa4838fda2da
  languageName: node
  linkType: hard

"@gerrit0/mini-shiki@npm:^1.24.0":
  version: 1.27.2
  resolution: "@gerrit0/mini-shiki@npm:1.27.2"
  dependencies:
    "@shikijs/engine-oniguruma": "npm:^1.27.2"
    "@shikijs/types": "npm:^1.27.2"
    "@shikijs/vscode-textmate": "npm:^10.0.1"
  checksum: 10c0/aee681637d123e0e8c9ec154b117ce166dd8b4b9896341e617fef16d0b21ef91a17f6f90cc874137e33ca85b5898817b59bb8aea178cdb2fa6e75b0fff3640c2
  languageName: node
  linkType: hard

"@moosync/edk@workspace:.":
  version: 0.0.0-use.local
  resolution: "@moosync/edk@workspace:."
  dependencies:
    "@extism/js-pdk": "npm:^1.1.1"
    esbuild: "npm:^0.24.0"
    typedoc: "npm:^0.27.9"
    typescript: "npm:^5.6.3"
  languageName: unknown
  linkType: soft

"@shikijs/engine-oniguruma@npm:^1.27.2":
  version: 1.29.2
  resolution: "@shikijs/engine-oniguruma@npm:1.29.2"
  dependencies:
    "@shikijs/types": "npm:1.29.2"
    "@shikijs/vscode-textmate": "npm:^10.0.1"
  checksum: 10c0/87d77e05af7fe862df40899a7034cbbd48d3635e27706873025e5035be578584d012f850208e97ca484d5e876bf802d4e23d0394d25026adb678eeb1d1f340ff
  languageName: node
  linkType: hard

"@shikijs/types@npm:1.29.2, @shikijs/types@npm:^1.27.2":
  version: 1.29.2
  resolution: "@shikijs/types@npm:1.29.2"
  dependencies:
    "@shikijs/vscode-textmate": "npm:^10.0.1"
    "@types/hast": "npm:^3.0.4"
  checksum: 10c0/37b4ac315effc03e7185aca1da0c2631ac55bdf613897476bd1d879105c41f86ccce6ebd0b78779513d88cc2ee371039f7efd95d604f77f21f180791978822b3
  languageName: node
  linkType: hard

"@shikijs/vscode-textmate@npm:^10.0.1":
  version: 10.0.2
  resolution: "@shikijs/vscode-textmate@npm:10.0.2"
  checksum: 10c0/36b682d691088ec244de292dc8f91b808f95c89466af421cf84cbab92230f03c8348649c14b3251991b10ce632b0c715e416e992dd5f28ff3221dc2693fd9462
  languageName: node
  linkType: hard

"@types/hast@npm:^3.0.4":
  version: 3.0.4
  resolution: "@types/hast@npm:3.0.4"
  dependencies:
    "@types/unist": "npm:*"
  checksum: 10c0/3249781a511b38f1d330fd1e3344eed3c4e7ea8eff82e835d35da78e637480d36fad37a78be5a7aed8465d237ad0446abc1150859d0fde395354ea634decf9f7
  languageName: node
  linkType: hard

"@types/unist@npm:*":
  version: 3.0.3
  resolution: "@types/unist@npm:3.0.3"
  checksum: 10c0/2b1e4adcab78388e088fcc3c0ae8700f76619dbcb4741d7d201f87e2cb346bfc29a89003cfea2d76c996e1061452e14fcd737e8b25aacf949c1f2d6b2bc3dd60
  languageName: node
  linkType: hard

"argparse@npm:^2.0.1":
  version: 2.0.1
  resolution: "argparse@npm:2.0.1"
  checksum: 10c0/c5640c2d89045371c7cedd6a70212a04e360fd34d6edeae32f6952c63949e3525ea77dbec0289d8213a99bbaeab5abfa860b5c12cf88a2e6cf8106e90dd27a7e
  languageName: node
  linkType: hard

"balanced-match@npm:^1.0.0":
  version: 1.0.2
  resolution: "balanced-match@npm:1.0.2"
  checksum: 10c0/9308baf0a7e4838a82bbfd11e01b1cb0f0cf2893bc1676c27c2a8c0e70cbae1c59120c3268517a8ae7fb6376b4639ef81ca22582611dbee4ed28df945134aaee
  languageName: node
  linkType: hard

"brace-expansion@npm:^2.0.1":
  version: 2.0.1
  resolution: "brace-expansion@npm:2.0.1"
  dependencies:
    balanced-match: "npm:^1.0.0"
  checksum: 10c0/b358f2fe060e2d7a87aa015979ecea07f3c37d4018f8d6deb5bd4c229ad3a0384fe6029bb76cd8be63c81e516ee52d1a0673edbe2023d53a5191732ae3c3e49f
  languageName: node
  linkType: hard

"entities@npm:^4.4.0":
  version: 4.5.0
  resolution: "entities@npm:4.5.0"
  checksum: 10c0/5b039739f7621f5d1ad996715e53d964035f75ad3b9a4d38c6b3804bb226e282ffeae2443624d8fdd9c47d8e926ae9ac009c54671243f0c3294c26af7cc85250
  languageName: node
  linkType: hard

"esbuild@npm:^0.24.0":
  version: 0.24.2
  resolution: "esbuild@npm:0.24.2"
  dependencies:
    "@esbuild/aix-ppc64": "npm:0.24.2"
    "@esbuild/android-arm": "npm:0.24.2"
    "@esbuild/android-arm64": "npm:0.24.2"
    "@esbuild/android-x64": "npm:0.24.2"
    "@esbuild/darwin-arm64": "npm:0.24.2"
    "@esbuild/darwin-x64": "npm:0.24.2"
    "@esbuild/freebsd-arm64": "npm:0.24.2"
    "@esbuild/freebsd-x64": "npm:0.24.2"
    "@esbuild/linux-arm": "npm:0.24.2"
    "@esbuild/linux-arm64": "npm:0.24.2"
    "@esbuild/linux-ia32": "npm:0.24.2"
    "@esbuild/linux-loong64": "npm:0.24.2"
    "@esbuild/linux-mips64el": "npm:0.24.2"
    "@esbuild/linux-ppc64": "npm:0.24.2"
    "@esbuild/linux-riscv64": "npm:0.24.2"
    "@esbuild/linux-s390x": "npm:0.24.2"
    "@esbuild/linux-x64": "npm:0.24.2"
    "@esbuild/netbsd-arm64": "npm:0.24.2"
    "@esbuild/netbsd-x64": "npm:0.24.2"
    "@esbuild/openbsd-arm64": "npm:0.24.2"
    "@esbuild/openbsd-x64": "npm:0.24.2"
    "@esbuild/sunos-x64": "npm:0.24.2"
    "@esbuild/win32-arm64": "npm:0.24.2"
    "@esbuild/win32-ia32": "npm:0.24.2"
    "@esbuild/win32-x64": "npm:0.24.2"
  dependenciesMeta:
    "@esbuild/aix-ppc64":
      optional: true
    "@esbuild/android-arm":
      optional: true
    "@esbuild/android-arm64":
      optional: true
    "@esbuild/android-x64":
      optional: true
    "@esbuild/darwin-arm64":
      optional: true
    "@esbuild/darwin-x64":
      optional: true
    "@esbuild/freebsd-arm64":
      optional: true
    "@esbuild/freebsd-x64":
      optional: true
    "@esbuild/linux-arm":
      optional: true
    "@esbuild/linux-arm64":
      optional: true
    "@esbuild/linux-ia32":
      optional: true
    "@esbuild/linux-loong64":
      optional: true
    "@esbuild/linux-mips64el":
      optional: true
    "@esbuild/linux-ppc64":
      optional: true
    "@esbuild/linux-riscv64":
      optional: true
    "@esbuild/linux-s390x":
      optional: true
    "@esbuild/linux-x64":
      optional: true
    "@esbuild/netbsd-arm64":
      optional: true
    "@esbuild/netbsd-x64":
      optional: true
    "@esbuild/openbsd-arm64":
      optional: true
    "@esbuild/openbsd-x64":
      optional: true
    "@esbuild/sunos-x64":
      optional: true
    "@esbuild/win32-arm64":
      optional: true
    "@esbuild/win32-ia32":
      optional: true
    "@esbuild/win32-x64":
      optional: true
  bin:
    esbuild: bin/esbuild
  checksum: 10c0/5a25bb08b6ba23db6e66851828d848bd3ff87c005a48c02d83e38879058929878a6baa5a414e1141faee0d1dece3f32b5fbc2a87b82ed6a7aa857cf40359aeb5
  languageName: node
  linkType: hard

"linkify-it@npm:^5.0.0":
  version: 5.0.0
  resolution: "linkify-it@npm:5.0.0"
  dependencies:
    uc.micro: "npm:^2.0.0"
  checksum: 10c0/ff4abbcdfa2003472fc3eb4b8e60905ec97718e11e33cca52059919a4c80cc0e0c2a14d23e23d8c00e5402bc5a885cdba8ca053a11483ab3cc8b3c7a52f88e2d
  languageName: node
  linkType: hard

"lunr@npm:^2.3.9":
  version: 2.3.9
  resolution: "lunr@npm:2.3.9"
  checksum: 10c0/77d7dbb4fbd602aac161e2b50887d8eda28c0fa3b799159cee380fbb311f1e614219126ecbbd2c3a9c685f1720a8109b3c1ca85cc893c39b6c9cc6a62a1d8a8b
  languageName: node
  linkType: hard

"markdown-it@npm:^14.1.0":
  version: 14.1.0
  resolution: "markdown-it@npm:14.1.0"
  dependencies:
    argparse: "npm:^2.0.1"
    entities: "npm:^4.4.0"
    linkify-it: "npm:^5.0.0"
    mdurl: "npm:^2.0.0"
    punycode.js: "npm:^2.3.1"
    uc.micro: "npm:^2.1.0"
  bin:
    markdown-it: bin/markdown-it.mjs
  checksum: 10c0/9a6bb444181d2db7016a4173ae56a95a62c84d4cbfb6916a399b11d3e6581bf1cc2e4e1d07a2f022ae72c25f56db90fbe1e529fca16fbf9541659dc53480d4b4
  languageName: node
  linkType: hard

"mdurl@npm:^2.0.0":
  version: 2.0.0
  resolution: "mdurl@npm:2.0.0"
  checksum: 10c0/633db522272f75ce4788440669137c77540d74a83e9015666a9557a152c02e245b192edc20bc90ae953bbab727503994a53b236b4d9c99bdaee594d0e7dd2ce0
  languageName: node
  linkType: hard

"minimatch@npm:^9.0.5":
  version: 9.0.5
  resolution: "minimatch@npm:9.0.5"
  dependencies:
    brace-expansion: "npm:^2.0.1"
  checksum: 10c0/de96cf5e35bdf0eab3e2c853522f98ffbe9a36c37797778d2665231ec1f20a9447a7e567cb640901f89e4daaa95ae5d70c65a9e8aa2bb0019b6facbc3c0575ed
  languageName: node
  linkType: hard

"punycode.js@npm:^2.3.1":
  version: 2.3.1
  resolution: "punycode.js@npm:2.3.1"
  checksum: 10c0/1d12c1c0e06127fa5db56bd7fdf698daf9a78104456a6b67326877afc21feaa821257b171539caedd2f0524027fa38e67b13dd094159c8d70b6d26d2bea4dfdb
  languageName: node
  linkType: hard

"typedoc@npm:^0.27.9":
  version: 0.27.9
  resolution: "typedoc@npm:0.27.9"
  dependencies:
    "@gerrit0/mini-shiki": "npm:^1.24.0"
    lunr: "npm:^2.3.9"
    markdown-it: "npm:^14.1.0"
    minimatch: "npm:^9.0.5"
    yaml: "npm:^2.6.1"
  peerDependencies:
    typescript: 5.0.x || 5.1.x || 5.2.x || 5.3.x || 5.4.x || 5.5.x || 5.6.x || 5.7.x || 5.8.x
  bin:
    typedoc: bin/typedoc
  checksum: 10c0/999668d9d23e1824b762e2c411e2c0860d0ce4a2e61f23a2c31d36a1d6337a763553bc75205aee25ce34659e9315315c720694e9eccd7e7e4755873fdfec1192
  languageName: node
  linkType: hard

"typescript@npm:^5.6.3":
  version: 5.8.2
  resolution: "typescript@npm:5.8.2"
  bin:
    tsc: bin/tsc
    tsserver: bin/tsserver
  checksum: 10c0/5c4f6fbf1c6389b6928fe7b8fcd5dc73bb2d58cd4e3883f1d774ed5bd83b151cbac6b7ecf11723de56d4676daeba8713894b1e9af56174f2f9780ae7848ec3c6
  languageName: node
  linkType: hard

"typescript@patch:typescript@npm%3A^5.6.3#optional!builtin<compat/typescript>":
  version: 5.8.2
  resolution: "typescript@patch:typescript@npm%3A5.8.2#optional!builtin<compat/typescript>::version=5.8.2&hash=cef18b"
  bin:
    tsc: bin/tsc
    tsserver: bin/tsserver
  checksum: 10c0/8a6cd29dfb59bd5a978407b93ae0edb530ee9376a5b95a42ad057a6f80ffb0c410489ccd6fe48d1d0dfad6e8adf5d62d3874bbd251f488ae30e11a1ce6dabd28
  languageName: node
  linkType: hard

"uc.micro@npm:^2.0.0, uc.micro@npm:^2.1.0":
  version: 2.1.0
  resolution: "uc.micro@npm:2.1.0"
  checksum: 10c0/8862eddb412dda76f15db8ad1c640ccc2f47cdf8252a4a30be908d535602c8d33f9855dfcccb8b8837855c1ce1eaa563f7fa7ebe3c98fd0794351aab9b9c55fa
  languageName: node
  linkType: hard

"urlpattern-polyfill@npm:^8.0.2":
  version: 8.0.2
  resolution: "urlpattern-polyfill@npm:8.0.2"
  checksum: 10c0/5388bbe8459dbd8861ee7cb97904be915dd863a9789c2191c528056f16adad7836ec22762ed002fed44e8995d0f98bdfb75a606466b77233e70d0f61b969aaf9
  languageName: node
  linkType: hard

"yaml@npm:^2.6.1":
  version: 2.7.0
  resolution: "yaml@npm:2.7.0"
  bin:
    yaml: bin.mjs
  checksum: 10c0/886a7d2abbd70704b79f1d2d05fe9fb0aa63aefb86e1cb9991837dced65193d300f5554747a872b4b10ae9a12bc5d5327e4d04205f70336e863e35e89d8f4ea9
  languageName: node
  linkType: hard
